
Microsoft Visual Studio Solution File, Format Version 12.00
# Visual Studio Version 16
VisualStudioVersion = 16.0.31911.196
MinimumVisualStudioVersion = 10.0.40219.1
Project("{FAE04EC0-301F-11D3-BF4B-00C04F79EFBC}") = "HotelListing", "HotelListing\HotelListing.csproj", "{018724AB-94D5-4E92-93CA-DBCE8E8D3428}"
EndProject
Global
	GlobalSection(SolutionConfigurationPlatforms) = preSolution
		Debug|Any CPU = Debug|Any CPU
		Release|Any CPU = Release|Any CPU
	EndGlobalSection
	GlobalSection(ProjectConfigurationPlatforms) = postSolution
		{018724AB-94D5-4E92-93CA-DBCE8E8D3428}.Debug|Any CPU.ActiveCfg = Debug|Any CPU
		{018724AB-94D5-4E92-93CA-DBCE8E8D3428}.Debug|Any CPU.Build.0 = Debug|Any CPU
		{018724AB-94D5-4E92-93CA-DBCE8E8D3428}.Release|Any CPU.ActiveCfg = Release|Any CPU
		{018724AB-94D5-4E92-93CA-DBCE8E8D3428}.Release|Any CPU.Build.0 = Release|Any CPU
	EndGlobalSection
	GlobalSection(SolutionProperties) = preSolution
		HideSolutionNode = FALSE
	EndGlobalSection
	GlobalSection(ExtensibilityGlobals) = postSolution
		SolutionGuid = {CEF133AE-9D2D-43B1-8F00-CF65918417BD}
	EndGlobalSection
EndGlobal
